github.com/isaqueveras/brasilapi-go v0.0.0-20220622194130-b533b023ad74 h1:jhJzY3rgi8Li+x7RMPFd/XKaZUAUhGkNQBt6nPCHpec=
github.com/isaqueveras/brasilapi-go v0.0.0-20220622194130-b533b023ad74/go.mod h1:4NYvv5siWZi9wgV2edxbVJoPcmZprLeuuX/6Lr42doM=
github.com/isaqueveras/brasilapi-go v0.0.0-20220623130152-438833615c24 h1:KoBpHqNPseeZulgMV8vp5b2UHr/0g5HFRmPYNQshD0Q=
github.com/isaqueveras/brasilapi-go v0.0.0-20220623130152-438833615c24/go.mod h1:4NYvv5siWZi9wgV2edxbVJoPcmZprLeuuX/6Lr42doM=
github.com/isaqueveras/brasilapi-go v0.0.0-20220623131643-d534d4ceddb7 h1:iFKFa6kmPqeGgtEdFrOdCU1MbTdhopSqw+2V7RLUD4g=
github.com/isaqueveras/brasilapi-go v0.0.0-20220623131643-d534d4ceddb7/go.mod h1:4NYvv5siWZi9wgV2edxbVJoPcmZprLeuuX/6Lr42doM=
